
Microsoft Visual Studio Solution File, Format Version 12.00
# Visual Studio Version 16
VisualStudioVersion = 16.0.29926.136
MinimumVisualStudioVersion = 10.0.40219.1
Project("{FAE04EC0-301F-11D3-BF4B-00C04F79EFBC}") = "ProjektSSI", "ProjektSSI\ProjektSSI.csproj", "{40959DF1-B3A3-470D-9FDB-3AC9A65626C0}"
EndProject
Global
	GlobalSection(SolutionConfigurationPlatforms) = preSolution
		Debug|Any CPU = Debug|Any CPU
		Release|Any CPU = Release|Any CPU
	EndGlobalSection
	GlobalSection(ProjectConfigurationPlatforms) = postSolution
		{40959DF1-B3A3-470D-9FDB-3AC9A65626C0}.Debug|Any CPU.ActiveCfg = Debug|Any CPU
		{40959DF1-B3A3-470D-9FDB-3AC9A65626C0}.Debug|Any CPU.Build.0 = Debug|Any CPU
		{40959DF1-B3A3-470D-9FDB-3AC9A65626C0}.Release|Any CPU.ActiveCfg = Release|Any CPU
		{40959DF1-B3A3-470D-9FDB-3AC9A65626C0}.Release|Any CPU.Build.0 = Release|Any CPU
	EndGlobalSection
	GlobalSection(SolutionProperties) = preSolution
		HideSolutionNode = FALSE
	EndGlobalSection
	GlobalSection(ExtensibilityGlobals) = postSolution
		SolutionGuid = {36E985AF-DAE8-483B-A7D5-A77159D872B9}
	EndGlobalSection
EndGlobal
